
Microsoft Visual Studio Solution File, Format Version 12.00
# Visual Studio Version 16
VisualStudioVersion = 16.0.31112.23
MinimumVisualStudioVersion = 10.0.40219.1
Project("{FAE04EC0-301F-11D3-BF4B-00C04F79EFBC}") = "Alarm", "Alarm\Alarm.csproj", "{97BD953C-1840-4988-82B9-D0CE931F87A1}"
EndProject
Global
	GlobalSection(SolutionConfigurationPlatforms) = preSolution
		Debug|Any CPU = Debug|Any CPU
		Release|Any CPU = Release|Any CPU
	EndGlobalSection
	GlobalSection(ProjectConfigurationPlatforms) = postSolution
		{97BD953C-1840-4988-82B9-D0CE931F87A1}.Debug|Any CPU.ActiveCfg = Debug|Any CPU
		{97BD953C-1840-4988-82B9-D0CE931F87A1}.Debug|Any CPU.Build.0 = Debug|Any CPU
		{97BD953C-1840-4988-82B9-D0CE931F87A1}.Release|Any CPU.ActiveCfg = Release|Any CPU
		{97BD953C-1840-4988-82B9-D0CE931F87A1}.Release|Any CPU.Build.0 = Release|Any CPU
	EndGlobalSection
	GlobalSection(SolutionProperties) = preSolution
		HideSolutionNode = FALSE
	EndGlobalSection
	GlobalSection(ExtensibilityGlobals) = postSolution
		SolutionGuid = {89A339C6-1A2C-4F8C-91FE-2EC132372AAC}
	EndGlobalSection
EndGlobal
