
Microsoft Visual Studio Solution File, Format Version 12.00
# Visual Studio Version 16
VisualStudioVersion = 16.0.31205.134
MinimumVisualStudioVersion = 10.0.40219.1
Project("{FAE04EC0-301F-11D3-BF4B-00C04F79EFBC}") = "AnalogSaat", "AnalogSaat\AnalogSaat.csproj", "{8E8A746D-0CEB-41F5-B782-72DC97BE2E44}"
EndProject
Global
	GlobalSection(SolutionConfigurationPlatforms) = preSolution
		Debug|Any CPU = Debug|Any CPU
		Release|Any CPU = Release|Any CPU
	EndGlobalSection
	GlobalSection(ProjectConfigurationPlatforms) = postSolution
		{8E8A746D-0CEB-41F5-B782-72DC97BE2E44}.Debug|Any CPU.ActiveCfg = Debug|Any CPU
		{8E8A746D-0CEB-41F5-B782-72DC97BE2E44}.Debug|Any CPU.Build.0 = Debug|Any CPU
		{8E8A746D-0CEB-41F5-B782-72DC97BE2E44}.Release|Any CPU.ActiveCfg = Release|Any CPU
		{8E8A746D-0CEB-41F5-B782-72DC97BE2E44}.Release|Any CPU.Build.0 = Release|Any CPU
	EndGlobalSection
	GlobalSection(SolutionProperties) = preSolution
		HideSolutionNode = FALSE
	EndGlobalSection
	GlobalSection(ExtensibilityGlobals) = postSolution
		SolutionGuid = {6F00C87F-BA9D-4FF7-935C-D11AE337A287}
	EndGlobalSection
EndGlobal
